{
  "requires": true,
  "lockfileVersion": 1,
  "dependencies": {
    "wrytee-palindrome": {
      "version": "0.1.0",
      "resolved": "https://registry.npmjs.org/wrytee-palindrome/-/wrytee-palindrome-0.1.0.tgz",
      "integrity": "sha512-1drfXW0OulH8kPBsM3pkq1UJxSN+Sd3L3t+m8X1lDDysjZxFHIAeR3usMvFcjNaMCQRbSAHoM/U8kfusYHD05Q=="
    }
  }
}
